
Microsoft Visual Studio Solution File, Format Version 12.00
# Visual Studio Version 17
VisualStudioVersion = 17.0.31912.275
MinimumVisualStudioVersion = 10.0.40219.1
Project("{FAE04EC0-301F-11D3-BF4B-00C04F79EFBC}") = "Lab_4", "Lab_4.csproj", "{9F07EB53-B9D3-43DE-A7AF-8EAE20C8CBA3}"
EndProject
Global
	GlobalSection(SolutionConfigurationPlatforms) = preSolution
		Debug|Any CPU = Debug|Any CPU
		Release|Any CPU = Release|Any CPU
	EndGlobalSection
	GlobalSection(ProjectConfigurationPlatforms) = postSolution
		{9F07EB53-B9D3-43DE-A7AF-8EAE20C8CBA3}.Debug|Any CPU.ActiveCfg = Debug|Any CPU
		{9F07EB53-B9D3-43DE-A7AF-8EAE20C8CBA3}.Debug|Any CPU.Build.0 = Debug|Any CPU
		{9F07EB53-B9D3-43DE-A7AF-8EAE20C8CBA3}.Release|Any CPU.ActiveCfg = Release|Any CPU
		{9F07EB53-B9D3-43DE-A7AF-8EAE20C8CBA3}.Release|Any CPU.Build.0 = Release|Any CPU
	EndGlobalSection
	GlobalSection(SolutionProperties) = preSolution
		HideSolutionNode = FALSE
	EndGlobalSection
	GlobalSection(ExtensibilityGlobals) = postSolution
		SolutionGuid = {ABE98B9E-04FB-4B38-BF8B-E75C0433A6B4}
	EndGlobalSection
EndGlobal
